
Microsoft Visual Studio Solution File, Format Version 12.00
# Visual Studio Version 16
VisualStudioVersion = 16.0.28803.452
MinimumVisualStudioVersion = 10.0.40219.1
Project("{FAE04EC0-301F-11D3-BF4B-00C04F79EFBC}") = "MemoDB", "MemoDB\MemoDB.csproj", "{7E30EF30-6321-4708-875A-9F3ECE3939D7}"
EndProject
Global
	GlobalSection(SolutionConfigurationPlatforms) = preSolution
		Debug|Any CPU = Debug|Any CPU
		Release|Any CPU = Release|Any CPU
	EndGlobalSection
	GlobalSection(ProjectConfigurationPlatforms) = postSolution
		{7E30EF30-6321-4708-875A-9F3ECE3939D7}.Debug|Any CPU.ActiveCfg = Debug|Any CPU
		{7E30EF30-6321-4708-875A-9F3ECE3939D7}.Debug|Any CPU.Build.0 = Debug|Any CPU
		{7E30EF30-6321-4708-875A-9F3ECE3939D7}.Release|Any CPU.ActiveCfg = Release|Any CPU
		{7E30EF30-6321-4708-875A-9F3ECE3939D7}.Release|Any CPU.Build.0 = Release|Any CPU
	EndGlobalSection
	GlobalSection(SolutionProperties) = preSolution
		HideSolutionNode = FALSE
	EndGlobalSection
	GlobalSection(ExtensibilityGlobals) = postSolution
		SolutionGuid = {1BF0D8A4-4D41-431F-89A1-BA61974C8342}
	EndGlobalSection
EndGlobal
